{
  "name": "@the_zaid_k/medium-common",
  "version": "1.0.2",
  "lockfileVersion": 3,
  "requires": true,
  "packages": {
    "": {
      "name": "@the_zaid_k/medium-common",
      "version": "1.0.2",
      "license": "ISC",
      "dependencies": {
        "@the_zaid_k/medium-common": "^1.0.2",
        "zod": "^3.23.8"
      }
    },
    "node_modules/@the_zaid_k/medium-common": {
      "version": "1.0.2",
      "resolved": "https://registry.npmjs.org/@the_zaid_k/medium-common/-/medium-common-1.0.2.tgz",
      "integrity": "sha512-W//q+7f84lsaGW5d/ahSYh2VUw7GOk377eZ9+VD4TE8OJt+Ic6eAq9vx613J6PAVmgl1nQPho6X6ZDYGB5itUA==",
      "dependencies": {
        "@the_zaid_k/medium-common": "^1.0.1",
        "zod": "^3.23.8"
      }
    },
    "node_modules/zod": {
      "version": "3.23.8",
      "resolved": "https://registry.npmjs.org/zod/-/zod-3.23.8.tgz",
      "integrity": "sha512-XBx9AXhXktjUqnepgTiE5flcKIYWi/rme0Eaj+5Y0lftuGBq+jyRu/md4WnuxqgP1ubdpNCsYEYPxrzVHD8d6g==",
      "funding": {
        "url": "https://github.com/sponsors/colinhacks"
      }
    }
  }
}
